name: Generate lock file
on:
  workflow_dispatch:
jobs:
  lock:
    runs-on: ubuntu-latest
    permissions:
      contents: write
    steps:
      - uses: actions/checkout@08c6903cd8c0fde910a37f88322edcfb5dd907a8 # v5.0.0
      - uses: actions/setup-python@v6
        with:
          python-version: '3.11'
      - name: Generate lock file
        run: |
          pip install pip-tools
          cd backend
          pip-compile --generate-hashes --output-file=requirements.lock.txt requirements.txt
      - name: Commit lock file
        run: |
          git config user.name "github-actions"
          git config user.email "github-actions@github.com"
          git add backend/requirements.lock.txt
          git diff --staged --quiet || git commit -m "chore: generate requirements.lock.txt"
          git push